
Microsoft Visual Studio Solution File, Format Version 12.00
# Visual Studio Version 17
VisualStudioVersion = 17.5.33627.172
MinimumVisualStudioVersion = 10.0.40219.1
Project("{9A19103F-16F7-4668-BE54-9A1E7A4F7556}") = "VtlSoftware.LoggedConsoleApp", "VtlSoftware.LoggedConsoleApp\VtlSoftware.LoggedConsoleApp.csproj", "{EFDFD7FF-2190-457B-B112-5E7C6D0901FF}"
EndProject
Project("{9A19103F-16F7-4668-BE54-9A1E7A4F7556}") = "Metalama.Logging.Console", "Metalama.Logging.Console\Metalama.Logging.Console.csproj", "{2F90D865-F97F-46E9-94B7-BEC20D6C63F4}"
EndProject
Project("{2150E333-8FDC-42A3-9474-1A3956D46DE8}") = "Solution Items", "Solution Items", "{B29FC50A-77C5-493D-9DBF-1124A73B14A8}"
	ProjectSection(SolutionItems) = preProject
		Readme.md = Readme.md
	EndProjectSection
EndProject
Global
	GlobalSection(SolutionConfigurationPlatforms) = preSolution
		Debug|Any CPU = Debug|Any CPU
		Release|Any CPU = Release|Any CPU
	EndGlobalSection
	GlobalSection(ProjectConfigurationPlatforms) = postSolution
		{EFDFD7FF-2190-457B-B112-5E7C6D0901FF}.Debug|Any CPU.ActiveCfg = Debug|Any CPU
		{EFDFD7FF-2190-457B-B112-5E7C6D0901FF}.Debug|Any CPU.Build.0 = Debug|Any CPU
		{EFDFD7FF-2190-457B-B112-5E7C6D0901FF}.Release|Any CPU.ActiveCfg = Release|Any CPU
		{EFDFD7FF-2190-457B-B112-5E7C6D0901FF}.Release|Any CPU.Build.0 = Release|Any CPU
		{2F90D865-F97F-46E9-94B7-BEC20D6C63F4}.Debug|Any CPU.ActiveCfg = Debug|Any CPU
		{2F90D865-F97F-46E9-94B7-BEC20D6C63F4}.Debug|Any CPU.Build.0 = Debug|Any CPU
		{2F90D865-F97F-46E9-94B7-BEC20D6C63F4}.Release|Any CPU.ActiveCfg = Release|Any CPU
		{2F90D865-F97F-46E9-94B7-BEC20D6C63F4}.Release|Any CPU.Build.0 = Release|Any CPU
	EndGlobalSection
	GlobalSection(SolutionProperties) = preSolution
		HideSolutionNode = FALSE
	EndGlobalSection
	GlobalSection(ExtensibilityGlobals) = postSolution
		SolutionGuid = {186B49DD-2D0A-46C5-9F9E-42739A5A5F27}
	EndGlobalSection
EndGlobal
